
Microsoft Visual Studio Solution File, Format Version 12.00
Project("{FAE04EC0-301F-11D3-BF4B-00C04F79EFBC}") = "WebApp", "WebApp\WebApp.csproj", "{C7A56390-028C-49F3-8281-70988056EF45}"
EndProject
Project("{FAE04EC0-301F-11D3-BF4B-00C04F79EFBC}") = "App.Domain", "App.Domain\App.Domain.csproj", "{6C67B058-A7E2-4BFC-8221-F80769492757}"
EndProject
Project("{2150E333-8FDC-42A3-9474-1A3956D46DE8}") = "BASE", "BASE", "{8B50478C-872E-4CC9-8BB8-E172DCE35487}"
EndProject
Project("{2150E333-8FDC-42A3-9474-1A3956D46DE8}") = "APP", "APP", "{64CF9DEA-18EE-4BE2-B0F5-1E5579A7D22F}"
EndProject
Project("{FAE04EC0-301F-11D3-BF4B-00C04F79EFBC}") = "Base.Domain", "Base.Domain\Base.Domain.csproj", "{918D3DB8-39B9-458A-BBFF-BD5E075E1BD8}"
EndProject
Project("{FAE04EC0-301F-11D3-BF4B-00C04F79EFBC}") = "App.DAL.EF", "App.DAL.EF\App.DAL.EF.csproj", "{34D7AF19-CADF-4C72-8AA0-F29D1DF61AB6}"
EndProject
Project("{FAE04EC0-301F-11D3-BF4B-00C04F79EFBC}") = "Base.Resources", "Base.Resources\Base.Resources.csproj", "{C5EE1229-4461-49DE-A017-5B8514C7C7A2}"
EndProject
Project("{FAE04EC0-301F-11D3-BF4B-00C04F79EFBC}") = "App.Resources", "App.Resources\App.Resources.csproj", "{B5F4ACE4-5D4B-43CF-8F3B-21E25A882856}"
EndProject
Project("{FAE04EC0-301F-11D3-BF4B-00C04F79EFBC}") = "Base.DAL.Contracts", "Base.DAL.Contracts\Base.DAL.Contracts.csproj", "{4A28D550-A31F-4ABE-890E-6360E318EFD9}"
EndProject
Project("{FAE04EC0-301F-11D3-BF4B-00C04F79EFBC}") = "Base.DAL.EF", "Base.DAL.EF\Base.DAL.EF.csproj", "{878CE0A5-408E-43C5-BAD7-800398F46F6E}"
EndProject
Project("{FAE04EC0-301F-11D3-BF4B-00C04F79EFBC}") = "Base.Contracts", "Base.Contracts\Base.Contracts.csproj", "{2A39FFD9-554B-4E6E-928D-FBB47E207A50}"
EndProject
Project("{FAE04EC0-301F-11D3-BF4B-00C04F79EFBC}") = "App.DAL.Contracts", "App.DAL.Contracts\App.DAL.Contracts.csproj", "{A639DAA2-52D2-449F-8997-0E9576D87576}"
EndProject
Project("{FAE04EC0-301F-11D3-BF4B-00C04F79EFBC}") = "Base.Helpers", "Base.Helpers\Base.Helpers.csproj", "{955B8247-4A90-4602-BDD8-56CF940315B7}"
EndProject
Project("{FAE04EC0-301F-11D3-BF4B-00C04F79EFBC}") = "App.DTO", "App.DTO\App.DTO.csproj", "{1144F4FC-7A62-4AB0-B0F7-4123EC4D9B58}"
EndProject
Project("{FAE04EC0-301F-11D3-BF4B-00C04F79EFBC}") = "App.DAL.DTO", "App.DAL.DTO\App.DAL.DTO.csproj", "{9805752A-E386-4341-B3A7-C2EA425D21B2}"
EndProject
Project("{FAE04EC0-301F-11D3-BF4B-00C04F79EFBC}") = "Base.BLL", "Base.BLL\Base.BLL.csproj", "{F025FFBB-AA22-4F2B-99AC-5C0572006A8C}"
EndProject
Project("{FAE04EC0-301F-11D3-BF4B-00C04F79EFBC}") = "Base.BLL.Contracts", "Base.BLL.Contracts\Base.BLL.Contracts.csproj", "{65935F97-9608-4130-9A08-50DB521FF3B7}"
EndProject
Project("{FAE04EC0-301F-11D3-BF4B-00C04F79EFBC}") = "App.BLL", "App.BLL\App.BLL.csproj", "{8A66ADB7-DC59-44E0-94B7-4F2C9D3966F3}"
EndProject
Project("{FAE04EC0-301F-11D3-BF4B-00C04F79EFBC}") = "App.BLL.Contracts", "App.BLL.Contracts\App.BLL.Contracts.csproj", "{E1125931-6522-4EB8-B830-0510ABBD9DBD}"
EndProject
Project("{FAE04EC0-301F-11D3-BF4B-00C04F79EFBC}") = "APP.BLL.DTO", "APP.BLL.DTO\APP.BLL.DTO.csproj", "{5604A2A2-758D-4633-9B26-414766EB5B55}"
EndProject
Project("{2150E333-8FDC-42A3-9474-1A3956D46DE8}") = "!Items", "!Items", "{6A8CC2E7-5326-4855-AEEB-3B9F6559A0B7}"
	ProjectSection(SolutionItems) = preProject
		!SolutionItems\Directory.Build.props = !SolutionItems\Directory.Build.props
		!SolutionItems\README.md = !SolutionItems\README.md
		Dockerfile = Dockerfile
		.dockerignore = .dockerignore
	EndProjectSection
EndProject
Project("{FAE04EC0-301F-11D3-BF4B-00C04F79EFBC}") = "App.Tests", "App.Tests\App.Tests.csproj", "{3954FA23-755B-43BB-B909-6451165F7017}"
EndProject
Global
	GlobalSection(SolutionConfigurationPlatforms) = preSolution
		Debug|Any CPU = Debug|Any CPU
		Release|Any CPU = Release|Any CPU
	EndGlobalSection
	GlobalSection(ProjectConfigurationPlatforms) = postSolution
		{C7A56390-028C-49F3-8281-70988056EF45}.Debug|Any CPU.ActiveCfg = Debug|Any CPU
		{C7A56390-028C-49F3-8281-70988056EF45}.Debug|Any CPU.Build.0 = Debug|Any CPU
		{C7A56390-028C-49F3-8281-70988056EF45}.Release|Any CPU.ActiveCfg = Release|Any CPU
		{C7A56390-028C-49F3-8281-70988056EF45}.Release|Any CPU.Build.0 = Release|Any CPU
		{6C67B058-A7E2-4BFC-8221-F80769492757}.Debug|Any CPU.ActiveCfg = Debug|Any CPU
		{6C67B058-A7E2-4BFC-8221-F80769492757}.Debug|Any CPU.Build.0 = Debug|Any CPU
		{6C67B058-A7E2-4BFC-8221-F80769492757}.Release|Any CPU.ActiveCfg = Release|Any CPU
		{6C67B058-A7E2-4BFC-8221-F80769492757}.Release|Any CPU.Build.0 = Release|Any CPU
		{918D3DB8-39B9-458A-BBFF-BD5E075E1BD8}.Debug|Any CPU.ActiveCfg = Debug|Any CPU
		{918D3DB8-39B9-458A-BBFF-BD5E075E1BD8}.Debug|Any CPU.Build.0 = Debug|Any CPU
		{918D3DB8-39B9-458A-BBFF-BD5E075E1BD8}.Release|Any CPU.ActiveCfg = Release|Any CPU
		{918D3DB8-39B9-458A-BBFF-BD5E075E1BD8}.Release|Any CPU.Build.0 = Release|Any CPU
		{34D7AF19-CADF-4C72-8AA0-F29D1DF61AB6}.Debug|Any CPU.ActiveCfg = Debug|Any CPU
		{34D7AF19-CADF-4C72-8AA0-F29D1DF61AB6}.Debug|Any CPU.Build.0 = Debug|Any CPU
		{34D7AF19-CADF-4C72-8AA0-F29D1DF61AB6}.Release|Any CPU.ActiveCfg = Release|Any CPU
		{34D7AF19-CADF-4C72-8AA0-F29D1DF61AB6}.Release|Any CPU.Build.0 = Release|Any CPU
		{C5EE1229-4461-49DE-A017-5B8514C7C7A2}.Debug|Any CPU.ActiveCfg = Debug|Any CPU
		{C5EE1229-4461-49DE-A017-5B8514C7C7A2}.Debug|Any CPU.Build.0 = Debug|Any CPU
		{C5EE1229-4461-49DE-A017-5B8514C7C7A2}.Release|Any CPU.ActiveCfg = Release|Any CPU
		{C5EE1229-4461-49DE-A017-5B8514C7C7A2}.Release|Any CPU.Build.0 = Release|Any CPU
		{B5F4ACE4-5D4B-43CF-8F3B-21E25A882856}.Debug|Any CPU.ActiveCfg = Debug|Any CPU
		{B5F4ACE4-5D4B-43CF-8F3B-21E25A882856}.Debug|Any CPU.Build.0 = Debug|Any CPU
		{B5F4ACE4-5D4B-43CF-8F3B-21E25A882856}.Release|Any CPU.ActiveCfg = Release|Any CPU
		{B5F4ACE4-5D4B-43CF-8F3B-21E25A882856}.Release|Any CPU.Build.0 = Release|Any CPU
		{4A28D550-A31F-4ABE-890E-6360E318EFD9}.Debug|Any CPU.ActiveCfg = Debug|Any CPU
		{4A28D550-A31F-4ABE-890E-6360E318EFD9}.Debug|Any CPU.Build.0 = Debug|Any CPU
		{4A28D550-A31F-4ABE-890E-6360E318EFD9}.Release|Any CPU.ActiveCfg = Release|Any CPU
		{4A28D550-A31F-4ABE-890E-6360E318EFD9}.Release|Any CPU.Build.0 = Release|Any CPU
		{878CE0A5-408E-43C5-BAD7-800398F46F6E}.Debug|Any CPU.ActiveCfg = Debug|Any CPU
		{878CE0A5-408E-43C5-BAD7-800398F46F6E}.Debug|Any CPU.Build.0 = Debug|Any CPU
		{878CE0A5-408E-43C5-BAD7-800398F46F6E}.Release|Any CPU.ActiveCfg = Release|Any CPU
		{878CE0A5-408E-43C5-BAD7-800398F46F6E}.Release|Any CPU.Build.0 = Release|Any CPU
		{2A39FFD9-554B-4E6E-928D-FBB47E207A50}.Debug|Any CPU.ActiveCfg = Debug|Any CPU
		{2A39FFD9-554B-4E6E-928D-FBB47E207A50}.Debug|Any CPU.Build.0 = Debug|Any CPU
		{2A39FFD9-554B-4E6E-928D-FBB47E207A50}.Release|Any CPU.ActiveCfg = Release|Any CPU
		{2A39FFD9-554B-4E6E-928D-FBB47E207A50}.Release|Any CPU.Build.0 = Release|Any CPU
		{A639DAA2-52D2-449F-8997-0E9576D87576}.Debug|Any CPU.ActiveCfg = Debug|Any CPU
		{A639DAA2-52D2-449F-8997-0E9576D87576}.Debug|Any CPU.Build.0 = Debug|Any CPU
		{A639DAA2-52D2-449F-8997-0E9576D87576}.Release|Any CPU.ActiveCfg = Release|Any CPU
		{A639DAA2-52D2-449F-8997-0E9576D87576}.Release|Any CPU.Build.0 = Release|Any CPU
		{955B8247-4A90-4602-BDD8-56CF940315B7}.Debug|Any CPU.ActiveCfg = Debug|Any CPU
		{955B8247-4A90-4602-BDD8-56CF940315B7}.Debug|Any CPU.Build.0 = Debug|Any CPU
		{955B8247-4A90-4602-BDD8-56CF940315B7}.Release|Any CPU.ActiveCfg = Release|Any CPU
		{955B8247-4A90-4602-BDD8-56CF940315B7}.Release|Any CPU.Build.0 = Release|Any CPU
		{1144F4FC-7A62-4AB0-B0F7-4123EC4D9B58}.Debug|Any CPU.ActiveCfg = Debug|Any CPU
		{1144F4FC-7A62-4AB0-B0F7-4123EC4D9B58}.Debug|Any CPU.Build.0 = Debug|Any CPU
		{1144F4FC-7A62-4AB0-B0F7-4123EC4D9B58}.Release|Any CPU.ActiveCfg = Release|Any CPU
		{1144F4FC-7A62-4AB0-B0F7-4123EC4D9B58}.Release|Any CPU.Build.0 = Release|Any CPU
		{9805752A-E386-4341-B3A7-C2EA425D21B2}.Debug|Any CPU.ActiveCfg = Debug|Any CPU
		{9805752A-E386-4341-B3A7-C2EA425D21B2}.Debug|Any CPU.Build.0 = Debug|Any CPU
		{9805752A-E386-4341-B3A7-C2EA425D21B2}.Release|Any CPU.ActiveCfg = Release|Any CPU
		{9805752A-E386-4341-B3A7-C2EA425D21B2}.Release|Any CPU.Build.0 = Release|Any CPU
		{F025FFBB-AA22-4F2B-99AC-5C0572006A8C}.Debug|Any CPU.ActiveCfg = Debug|Any CPU
		{F025FFBB-AA22-4F2B-99AC-5C0572006A8C}.Debug|Any CPU.Build.0 = Debug|Any CPU
		{F025FFBB-AA22-4F2B-99AC-5C0572006A8C}.Release|Any CPU.ActiveCfg = Release|Any CPU
		{F025FFBB-AA22-4F2B-99AC-5C0572006A8C}.Release|Any CPU.Build.0 = Release|Any CPU
		{65935F97-9608-4130-9A08-50DB521FF3B7}.Debug|Any CPU.ActiveCfg = Debug|Any CPU
		{65935F97-9608-4130-9A08-50DB521FF3B7}.Debug|Any CPU.Build.0 = Debug|Any CPU
		{65935F97-9608-4130-9A08-50DB521FF3B7}.Release|Any CPU.ActiveCfg = Release|Any CPU
		{65935F97-9608-4130-9A08-50DB521FF3B7}.Release|Any CPU.Build.0 = Release|Any CPU
		{8A66ADB7-DC59-44E0-94B7-4F2C9D3966F3}.Debug|Any CPU.ActiveCfg = Debug|Any CPU
		{8A66ADB7-DC59-44E0-94B7-4F2C9D3966F3}.Debug|Any CPU.Build.0 = Debug|Any CPU
		{8A66ADB7-DC59-44E0-94B7-4F2C9D3966F3}.Release|Any CPU.ActiveCfg = Release|Any CPU
		{8A66ADB7-DC59-44E0-94B7-4F2C9D3966F3}.Release|Any CPU.Build.0 = Release|Any CPU
		{E1125931-6522-4EB8-B830-0510ABBD9DBD}.Debug|Any CPU.ActiveCfg = Debug|Any CPU
		{E1125931-6522-4EB8-B830-0510ABBD9DBD}.Debug|Any CPU.Build.0 = Debug|Any CPU
		{E1125931-6522-4EB8-B830-0510ABBD9DBD}.Release|Any CPU.ActiveCfg = Release|Any CPU
		{E1125931-6522-4EB8-B830-0510ABBD9DBD}.Release|Any CPU.Build.0 = Release|Any CPU
		{5604A2A2-758D-4633-9B26-414766EB5B55}.Debug|Any CPU.ActiveCfg = Debug|Any CPU
		{5604A2A2-758D-4633-9B26-414766EB5B55}.Debug|Any CPU.Build.0 = Debug|Any CPU
		{5604A2A2-758D-4633-9B26-414766EB5B55}.Release|Any CPU.ActiveCfg = Release|Any CPU
		{5604A2A2-758D-4633-9B26-414766EB5B55}.Release|Any CPU.Build.0 = Release|Any CPU
		{3954FA23-755B-43BB-B909-6451165F7017}.Debug|Any CPU.ActiveCfg = Debug|Any CPU
		{3954FA23-755B-43BB-B909-6451165F7017}.Debug|Any CPU.Build.0 = Debug|Any CPU
		{3954FA23-755B-43BB-B909-6451165F7017}.Release|Any CPU.ActiveCfg = Release|Any CPU
		{3954FA23-755B-43BB-B909-6451165F7017}.Release|Any CPU.Build.0 = Release|Any CPU
	EndGlobalSection
	GlobalSection(NestedProjects) = preSolution
		{918D3DB8-39B9-458A-BBFF-BD5E075E1BD8} = {8B50478C-872E-4CC9-8BB8-E172DCE35487}
		{6C67B058-A7E2-4BFC-8221-F80769492757} = {64CF9DEA-18EE-4BE2-B0F5-1E5579A7D22F}
		{C7A56390-028C-49F3-8281-70988056EF45} = {64CF9DEA-18EE-4BE2-B0F5-1E5579A7D22F}
		{34D7AF19-CADF-4C72-8AA0-F29D1DF61AB6} = {64CF9DEA-18EE-4BE2-B0F5-1E5579A7D22F}
		{C5EE1229-4461-49DE-A017-5B8514C7C7A2} = {8B50478C-872E-4CC9-8BB8-E172DCE35487}
		{B5F4ACE4-5D4B-43CF-8F3B-21E25A882856} = {64CF9DEA-18EE-4BE2-B0F5-1E5579A7D22F}
		{4A28D550-A31F-4ABE-890E-6360E318EFD9} = {8B50478C-872E-4CC9-8BB8-E172DCE35487}
		{878CE0A5-408E-43C5-BAD7-800398F46F6E} = {8B50478C-872E-4CC9-8BB8-E172DCE35487}
		{2A39FFD9-554B-4E6E-928D-FBB47E207A50} = {8B50478C-872E-4CC9-8BB8-E172DCE35487}
		{A639DAA2-52D2-449F-8997-0E9576D87576} = {64CF9DEA-18EE-4BE2-B0F5-1E5579A7D22F}
		{955B8247-4A90-4602-BDD8-56CF940315B7} = {8B50478C-872E-4CC9-8BB8-E172DCE35487}
		{1144F4FC-7A62-4AB0-B0F7-4123EC4D9B58} = {64CF9DEA-18EE-4BE2-B0F5-1E5579A7D22F}
		{9805752A-E386-4341-B3A7-C2EA425D21B2} = {64CF9DEA-18EE-4BE2-B0F5-1E5579A7D22F}
		{F025FFBB-AA22-4F2B-99AC-5C0572006A8C} = {8B50478C-872E-4CC9-8BB8-E172DCE35487}
		{65935F97-9608-4130-9A08-50DB521FF3B7} = {8B50478C-872E-4CC9-8BB8-E172DCE35487}
		{8A66ADB7-DC59-44E0-94B7-4F2C9D3966F3} = {64CF9DEA-18EE-4BE2-B0F5-1E5579A7D22F}
		{E1125931-6522-4EB8-B830-0510ABBD9DBD} = {64CF9DEA-18EE-4BE2-B0F5-1E5579A7D22F}
		{5604A2A2-758D-4633-9B26-414766EB5B55} = {64CF9DEA-18EE-4BE2-B0F5-1E5579A7D22F}
		{3954FA23-755B-43BB-B909-6451165F7017} = {64CF9DEA-18EE-4BE2-B0F5-1E5579A7D22F}
	EndGlobalSection
EndGlobal
